// !$*UTF8*$!
{
	archiveVersion = 1;
	classes = {
	};
	objectVersion = 56;
	objects = {

/* Begin PBXBuildFile section */
		85055DC32BA48F5E009B20AF /* WochenView.swift in Sources */ = {isa = PBXBuildFile; fileRef = 85055DC22BA48F5E009B20AF /* WochenView.swift */; };
		851FCBE52BA2E9F300B9B92E /* TextView.swift in Sources */ = {isa = PBXBuildFile; fileRef = 851FCBE42BA2E9F300B9B92E /* TextView.swift */; };
		851FCBE92BA2F25500B9B92E /* LaunchScreen.storyboard in Resources */ = {isa = PBXBuildFile; fileRef = 851FCBE82BA2F25500B9B92E /* LaunchScreen.storyboard */; };
		85417EE02B95C0730011D830 /* Model.swift in Sources */ = {isa = PBXBuildFile; fileRef = 85417EDF2B95C0730011D830 /* Model.swift */; };
		8555AD002B8771E0004A4F6B /* ErfolgeApp.swift in Sources */ = {isa = PBXBuildFile; fileRef = 8555ACFF2B8771E0004A4F6B /* ErfolgeApp.swift */; };
		8555AD022B8771E0004A4F6B /* ContentView.swift in Sources */ = {isa = PBXBuildFile; fileRef = 8555AD012B8771E0004A4F6B /* ContentView.swift */; };
		8555AD062B8771E2004A4F6B /* Assets.xcassets in Resources */ = {isa = PBXBuildFile; fileRef = 8555AD052B8771E2004A4F6B /* Assets.xcassets */; };
		8555AD092B8771E2004A4F6B /* Preview Assets.xcassets in Resources */ = {isa = PBXBuildFile; fileRef = 8555AD082B8771E2004A4F6B /* Preview Assets.xcassets */; };
		855A86342BAF5831008278FD /* EinstellungenView.swift in Sources */ = {isa = PBXBuildFile; fileRef = 855A86332BAF5831008278FD /* EinstellungenView.swift */; };
		85851FEE2BA37EA000998CE2 /* EinleitungsView.swift in Sources */ = {isa = PBXBuildFile; fileRef = 85851FED2BA37EA000998CE2 /* EinleitungsView.swift */; };
		85851FF02BA3850700998CE2 /* FunktionsView.swift in Sources */ = {isa = PBXBuildFile; fileRef = 85851FEF2BA3850700998CE2 /* FunktionsView.swift */; };
		85936C732BAC300300A0992F /* PDFView.swift in Sources */ = {isa = PBXBuildFile; fileRef = 85936C722BAC300300A0992F /* PDFView.swift */; };
		85936C752BAC31C300A0992F /* EM-Journal_E.pdf in Resources */ = {isa = PBXBuildFile; fileRef = 85936C742BAC31C300A0992F /* EM-Journal_E.pdf */; };
		85CE9B542BA8D6B300E9E11B /* TabBarView.swift in Sources */ = {isa = PBXBuildFile; fileRef = 85CE9B532BA8D6B300E9E11B /* TabBarView.swift */; };
/* End PBXBuildFile section */

/* Begin PBXFileReference section */
		85055DC22BA48F5E009B20AF /* WochenView.swift */ = {isa = PBXFileReference; lastKnownFileType = sourcecode.swift; path = WochenView.swift; sourceTree = "<group>"; };
		851FCBE42BA2E9F300B9B92E /* TextView.swift */ = {isa = PBXFileReference; lastKnownFileType = sourcecode.swift; path = TextView.swift; sourceTree = "<group>"; };
		851FCBE82BA2F25500B9B92E /* LaunchScreen.storyboard */ = {isa = PBXFileReference; lastKnownFileType = file.storyboard; path = LaunchScreen.storyboard; sourceTree = "<group>"; };
		85417EDF2B95C0730011D830 /* Model.swift */ = {isa = PBXFileReference; lastKnownFileType = sourcecode.swift; path = Model.swift; sourceTree = "<group>"; };
		8555ACFC2B8771E0004A4F6B /* Erfolge.app */ = {isa = PBXFileReference; explicitFileType = wrapper.application; includeInIndex = 0; path = Erfolge.app; sourceTree = BUILT_PRODUCTS_DIR; };
		8555ACFF2B8771E0004A4F6B /* ErfolgeApp.swift */ = {isa = PBXFileReference; lastKnownFileType = sourcecode.swift; path = ErfolgeApp.swift; sourceTree = "<group>"; };
		8555AD012B8771E0004A4F6B /* ContentView.swift */ = {isa = PBXFileReference; lastKnownFileType = sourcecode.swift; path = ContentView.swift; sourceTree = "<group>"; };
		8555AD052B8771E2004A4F6B /* Assets.xcassets */ = {isa = PBXFileReference; lastKnownFileType = folder.assetcatalog; path = Assets.xcassets; sourceTree = "<group>"; };
		8555AD082B8771E2004A4F6B /* Preview Assets.xcassets */ = {isa = PBXFileReference; lastKnownFileType = folder.assetcatalog; path = "Preview Assets.xcassets"; sourceTree = "<group>"; };
		8555AD0A2B8771E2004A4F6B /* Erfolge.entitlements */ = {isa = PBXFileReference; lastKnownFileType = text.plist.entitlements; path = Erfolge.entitlements; sourceTree = "<group>"; };
		8555AD0B2B8771E2004A4F6B /* Info.plist */ = {isa = PBXFileReference; lastKnownFileType = text.plist.xml; path = Info.plist; sourceTree = "<group>"; };
		855A86332BAF5831008278FD /* EinstellungenView.swift */ = {isa = PBXFileReference; lastKnownFileType = sourcecode.swift; path = EinstellungenView.swift; sourceTree = "<group>"; };
		85851FED2BA37EA000998CE2 /* EinleitungsView.swift */ = {isa = PBXFileReference; lastKnownFileType = sourcecode.swift; path = EinleitungsView.swift; sourceTree = "<group>"; };
		85851FEF2BA3850700998CE2 /* FunktionsView.swift */ = {isa = PBXFileReference; lastKnownFileType = sourcecode.swift; path = FunktionsView.swift; sourceTree = "<group>"; };
		85936C722BAC300300A0992F /* PDFView.swift */ = {isa = PBXFileReference; lastKnownFileType = sourcecode.swift; path = PDFView.swift; sourceTree = "<group>"; };
		85936C742BAC31C300A0992F /* EM-Journal_E.pdf */ = {isa = PBXFileReference; lastKnownFileType = image.pdf; name = "EM-Journal_E.pdf"; path = "../../../../../../Users/jurgenzimmer/Desktop/Damian/EM-Journal_E.pdf"; sourceTree = "<group>"; };
		85CE9B532BA8D6B300E9E11B /* TabBarView.swift */ = {isa = PBXFileReference; lastKnownFileType = sourcecode.swift; path = TabBarView.swift; sourceTree = "<group>"; };
/* End PBXFileReference section */

/* Begin PBXFrameworksBuildPhase section */
		8555ACF92B8771E0004A4F6B /* Frameworks */ = {
			isa = PBXFrameworksBuildPhase;
			buildActionMask = 2147483647;
			files = (
			);
			runOnlyForDeploymentPostprocessing = 0;
		};
/* End PBXFrameworksBuildPhase section */

/* Begin PBXGroup section */
		8555ACF32B8771E0004A4F6B = {
			isa = PBXGroup;
			children = (
				8555ACFE2B8771E0004A4F6B /* Erfolge */,
				8555ACFD2B8771E0004A4F6B /* Products */,
			);
			sourceTree = "<group>";
		};
		8555ACFD2B8771E0004A4F6B /* Products */ = {
			isa = PBXGroup;
			children = (
				8555ACFC2B8771E0004A4F6B /* Erfolge.app */,
			);
			name = Products;
			sourceTree = "<group>";
		};
		8555ACFE2B8771E0004A4F6B /* Erfolge */ = {
			isa = PBXGroup;
			children = (
				851FCBE82BA2F25500B9B92E /* LaunchScreen.storyboard */,
				8555ACFF2B8771E0004A4F6B /* ErfolgeApp.swift */,
				851FCBE42BA2E9F300B9B92E /* TextView.swift */,
				85CE9B532BA8D6B300E9E11B /* TabBarView.swift */,
				85936C722BAC300300A0992F /* PDFView.swift */,
				85936C742BAC31C300A0992F /* EM-Journal_E.pdf */,
				85851FEF2BA3850700998CE2 /* FunktionsView.swift */,
				85851FED2BA37EA000998CE2 /* EinleitungsView.swift */,
				8555AD012B8771E0004A4F6B /* ContentView.swift */,
				855A86332BAF5831008278FD /* EinstellungenView.swift */,
				85055DC22BA48F5E009B20AF /* WochenView.swift */,
				85417EDF2B95C0730011D830 /* Model.swift */,
				8555AD052B8771E2004A4F6B /* Assets.xcassets */,
				8555AD0A2B8771E2004A4F6B /* Erfolge.entitlements */,
				8555AD0B2B8771E2004A4F6B /* Info.plist */,
				8555AD072B8771E2004A4F6B /* Preview Content */,
			);
			path = Erfolge;
			sourceTree = "<group>";
		};
		8555AD072B8771E2004A4F6B /* Preview Content */ = {
			isa = PBXGroup;
			children = (
				8555AD082B8771E2004A4F6B /* Preview Assets.xcassets */,
			);
			path = "Preview Content";
			sourceTree = "<group>";
		};
/* End PBXGroup section */

/* Begin PBXNativeTarget section */
		8555ACFB2B8771E0004A4F6B /* Erfolge */ = {
			isa = PBXNativeTarget;
			buildConfigurationList = 8555AD0E2B8771E2004A4F6B /* Build configuration list for PBXNativeTarget "Erfolge" */;
			buildPhases = (
				8555ACF82B8771E0004A4F6B /* Sources */,
				8555ACF92B8771E0004A4F6B /* Frameworks */,
				8555ACFA2B8771E0004A4F6B /* Resources */,
			);
			buildRules = (
			);
			dependencies = (
			);
			name = Erfolge;
			productName = Erfolge;
			productReference = 8555ACFC2B8771E0004A4F6B /* Erfolge.app */;
			productType = "com.apple.product-type.application";
		};
/* End PBXNativeTarget section */

/* Begin PBXProject section */
		8555ACF42B8771E0004A4F6B /* Project object */ = {
			isa = PBXProject;
			attributes = {
				BuildIndependentTargetsInParallel = 1;
				LastSwiftUpdateCheck = 1520;
				LastUpgradeCheck = 1520;
				TargetAttributes = {
					8555ACFB2B8771E0004A4F6B = {
						CreatedOnToolsVersion = 15.2;
					};
				};
			};
			buildConfigurationList = 8555ACF72B8771E0004A4F6B /* Build configuration list for PBXProject "Erfolge" */;
			compatibilityVersion = "Xcode 14.0";
			developmentRegion = en;
			hasScannedForEncodings = 0;
			knownRegions = (
				en,
				Base,
			);
			mainGroup = 8555ACF32B8771E0004A4F6B;
			productRefGroup = 8555ACFD2B8771E0004A4F6B /* Products */;
			projectDirPath = "";
			projectRoot = "";
			targets = (
				8555ACFB2B8771E0004A4F6B /* Erfolge */,
			);
		};
/* End PBXProject section */

/* Begin PBXResourcesBuildPhase section */
		8555ACFA2B8771E0004A4F6B /* Resources */ = {
			isa = PBXResourcesBuildPhase;
			buildActionMask = 2147483647;
			files = (
				851FCBE92BA2F25500B9B92E /* LaunchScreen.storyboard in Resources */,
				8555AD092B8771E2004A4F6B /* Preview Assets.xcassets in Resources */,
				85936C752BAC31C300A0992F /* EM-Journal_E.pdf in Resources */,
				8555AD062B8771E2004A4F6B /* Assets.xcassets in Resources */,
			);
			runOnlyForDeploymentPostprocessing = 0;
		};
/* End PBXResourcesBuildPhase section */

/* Begin PBXSourcesBuildPhase section */
		8555ACF82B8771E0004A4F6B /* Sources */ = {
			isa = PBXSourcesBuildPhase;
			buildActionMask = 2147483647;
			files = (
				855A86342BAF5831008278FD /* EinstellungenView.swift in Sources */,
				85936C732BAC300300A0992F /* PDFView.swift in Sources */,
				85055DC32BA48F5E009B20AF /* WochenView.swift in Sources */,
				85851FF02BA3850700998CE2 /* FunktionsView.swift in Sources */,
				85CE9B542BA8D6B300E9E11B /* TabBarView.swift in Sources */,
				85851FEE2BA37EA000998CE2 /* EinleitungsView.swift in Sources */,
				85417EE02B95C0730011D830 /* Model.swift in Sources */,
				851FCBE52BA2E9F300B9B92E /* TextView.swift in Sources */,
				8555AD022B8771E0004A4F6B /* ContentView.swift in Sources */,
				8555AD002B8771E0004A4F6B /* ErfolgeApp.swift in Sources */,
			);
			runOnlyForDeploymentPostprocessing = 0;
		};
/* End PBXSourcesBuildPhase section */

/* Begin XCBuildConfiguration section */
		8555AD0C2B8771E2004A4F6B /* Debug */ = {
			isa = XCBuildConfiguration;
			buildSettings = {
				ALWAYS_SEARCH_USER_PATHS = NO;
				ASSETCATALOG_COMPILER_GENERATE_SWIFT_ASSET_SYMBOL_EXTENSIONS = YES;
				CLANG_ANALYZER_NONNULL = YES;
				CLANG_ANALYZER_NUMBER_OBJECT_CONVERSION = YES_AGGRESSIVE;
				CLANG_CXX_LANGUAGE_STANDARD = "gnu++20";
				CLANG_ENABLE_MODULES = YES;
				CLANG_ENABLE_OBJC_ARC = YES;
				CLANG_ENABLE_OBJC_WEAK = YES;
				CLANG_WARN_BLOCK_CAPTURE_AUTORELEASING = YES;
				CLANG_WARN_BOOL_CONVERSION = YES;
				CLANG_WARN_COMMA = YES;
				CLANG_WARN_CONSTANT_CONVERSION = YES;
				CLANG_WARN_DEPRECATED_OBJC_IMPLEMENTATIONS = YES;
				CLANG_WARN_DIRECT_OBJC_ISA_USAGE = YES_ERROR;
				CLANG_WARN_DOCUMENTATION_COMMENTS = YES;
				CLANG_WARN_EMPTY_BODY = YES;
				CLANG_WARN_ENUM_CONVERSION = YES;
				CLANG_WARN_INFINITE_RECURSION = YES;
				CLANG_WARN_INT_CONVERSION = YES;
				CLANG_WARN_NON_LITERAL_NULL_CONVERSION = YES;
				CLANG_WARN_OBJC_IMPLICIT_RETAIN_SELF = YES;
				CLANG_WARN_OBJC_LITERAL_CONVERSION = YES;
				CLANG_WARN_OBJC_ROOT_CLASS = YES_ERROR;
				CLANG_WARN_QUOTED_INCLUDE_IN_FRAMEWORK_HEADER = YES;
				CLANG_WARN_RANGE_LOOP_ANALYSIS = YES;
				CLANG_WARN_STRICT_PROTOTYPES = YES;
				CLANG_WARN_SUSPICIOUS_MOVE = YES;
				CLANG_WARN_UNGUARDED_AVAILABILITY = YES_AGGRESSIVE;
				CLANG_WARN_UNREACHABLE_CODE = YES;
				CLANG_WARN__DUPLICATE_METHOD_MATCH = YES;
				COPY_PHASE_STRIP = NO;
				DEBUG_INFORMATION_FORMAT = dwarf;
				ENABLE_STRICT_OBJC_MSGSEND = YES;
				ENABLE_TESTABILITY = YES;
				ENABLE_USER_SCRIPT_SANDBOXING = YES;
				GCC_C_LANGUAGE_STANDARD = gnu17;
				GCC_DYNAMIC_NO_PIC = NO;
				GCC_NO_COMMON_BLOCKS = YES;
				GCC_OPTIMIZATION_LEVEL = 0;
				GCC_PREPROCESSOR_DEFINITIONS = (
					"DEBUG=1",
					"$(inherited)",
				);
				GCC_WARN_64_TO_32_BIT_CONVERSION = YES;
				GCC_WARN_ABOUT_RETURN_TYPE = YES_ERROR;
				GCC_WARN_UNDECLARED_SELECTOR = YES;
				GCC_WARN_UNINITIALIZED_AUTOS = YES_AGGRESSIVE;
				GCC_WARN_UNUSED_FUNCTION = YES;
				GCC_WARN_UNUSED_VARIABLE = YES;
				IPHONEOS_DEPLOYMENT_TARGET = 17.2;
				LOCALIZATION_PREFERS_STRING_CATALOGS = YES;
				MTL_ENABLE_DEBUG_INFO = INCLUDE_SOURCE;
				MTL_FAST_MATH = YES;
				ONLY_ACTIVE_ARCH = YES;
				SDKROOT = iphoneos;
				SWIFT_ACTIVE_COMPILATION_CONDITIONS = "DEBUG $(inherited)";
				SWIFT_OPTIMIZATION_LEVEL = "-Onone";
			};
			name = Debug;
		};
		8555AD0D2B8771E2004A4F6B /* Release */ = {
			isa = XCBuildConfiguration;
			buildSettings = {
				ALWAYS_SEARCH_USER_PATHS = NO;
				ASSETCATALOG_COMPILER_GENERATE_SWIFT_ASSET_SYMBOL_EXTENSIONS = YES;
				CLANG_ANALYZER_NONNULL = YES;
				CLANG_ANALYZER_NUMBER_OBJECT_CONVERSION = YES_AGGRESSIVE;
				CLANG_CXX_LANGUAGE_STANDARD = "gnu++20";
				CLANG_ENABLE_MODULES = YES;
				CLANG_ENABLE_OBJC_ARC = YES;
				CLANG_ENABLE_OBJC_WEAK = YES;
				CLANG_WARN_BLOCK_CAPTURE_AUTORELEASING = YES;
				CLANG_WARN_BOOL_CONVERSION = YES;
				CLANG_WARN_COMMA = YES;
				CLANG_WARN_CONSTANT_CONVERSION = YES;
				CLANG_WARN_DEPRECATED_OBJC_IMPLEMENTATIONS = YES;
				CLANG_WARN_DIRECT_OBJC_ISA_USAGE = YES_ERROR;
				CLANG_WARN_DOCUMENTATION_COMMENTS = YES;
				CLANG_WARN_EMPTY_BODY = YES;
				CLANG_WARN_ENUM_CONVERSION = YES;
				CLANG_WARN_INFINITE_RECURSION = YES;
				CLANG_WARN_INT_CONVERSION = YES;
				CLANG_WARN_NON_LITERAL_NULL_CONVERSION = YES;
				CLANG_WARN_OBJC_IMPLICIT_RETAIN_SELF = YES;
				CLANG_WARN_OBJC_LITERAL_CONVERSION = YES;
				CLANG_WARN_OBJC_ROOT_CLASS = YES_ERROR;
				CLANG_WARN_QUOTED_INCLUDE_IN_FRAMEWORK_HEADER = YES;
				CLANG_WARN_RANGE_LOOP_ANALYSIS = YES;
				CLANG_WARN_STRICT_PROTOTYPES = YES;
				CLANG_WARN_SUSPICIOUS_MOVE = YES;
				CLANG_WARN_UNGUARDED_AVAILABILITY = YES_AGGRESSIVE;
				CLANG_WARN_UNREACHABLE_CODE = YES;
				CLANG_WARN__DUPLICATE_METHOD_MATCH = YES;
				COPY_PHASE_STRIP = NO;
				DEBUG_INFORMATION_FORMAT = "dwarf-with-dsym";
				ENABLE_NS_ASSERTIONS = NO;
				ENABLE_STRICT_OBJC_MSGSEND = YES;
				ENABLE_USER_SCRIPT_SANDBOXING = YES;
				GCC_C_LANGUAGE_STANDARD = gnu17;
				GCC_NO_COMMON_BLOCKS = YES;
				GCC_WARN_64_TO_32_BIT_CONVERSION = YES;
				GCC_WARN_ABOUT_RETURN_TYPE = YES_ERROR;
				GCC_WARN_UNDECLARED_SELECTOR = YES;
				GCC_WARN_UNINITIALIZED_AUTOS = YES_AGGRESSIVE;
				GCC_WARN_UNUSED_FUNCTION = YES;
				GCC_WARN_UNUSED_VARIABLE = YES;
				IPHONEOS_DEPLOYMENT_TARGET = 17.2;
				LOCALIZATION_PREFERS_STRING_CATALOGS = YES;
				MTL_ENABLE_DEBUG_INFO = NO;
				MTL_FAST_MATH = YES;
				SDKROOT = iphoneos;
				SWIFT_COMPILATION_MODE = wholemodule;
				VALIDATE_PRODUCT = YES;
			};
			name = Release;
		};
		8555AD0F2B8771E2004A4F6B /* Debug */ = {
			isa = XCBuildConfiguration;
			buildSettings = {
				ASSETCATALOG_COMPILER_APPICON_NAME = AppIcon;
				ASSETCATALOG_COMPILER_GLOBAL_ACCENT_COLOR_NAME = AccentColor;
				CODE_SIGN_ENTITLEMENTS = Erfolge/Erfolge.entitlements;
				CODE_SIGN_STYLE = Automatic;
				CURRENT_PROJECT_VERSION = 1;
				DEVELOPMENT_ASSET_PATHS = "\"Erfolge/Preview Content\"";
				DEVELOPMENT_TEAM = 69E847F5T9;
				ENABLE_PREVIEWS = YES;
				GENERATE_INFOPLIST_FILE = YES;
				INFOPLIST_FILE = Erfolge/Info.plist;
				INFOPLIST_KEY_UIApplicationSceneManifest_Generation = YES;
				INFOPLIST_KEY_UIApplicationSupportsIndirectInputEvents = YES;
				INFOPLIST_KEY_UILaunchScreen_Generation = YES;
				INFOPLIST_KEY_UILaunchStoryboardName = LaunchScreen.storyboard;
				INFOPLIST_KEY_UISupportedInterfaceOrientations_iPad = "UIInterfaceOrientationPortrait UIInterfaceOrientationPortraitUpsideDown UIInterfaceOrientationLandscapeLeft UIInterfaceOrientationLandscapeRight";
				INFOPLIST_KEY_UISupportedInterfaceOrientations_iPhone = "UIInterfaceOrientationPortrait UIInterfaceOrientationLandscapeLeft UIInterfaceOrientationLandscapeRight";
				LD_RUNPATH_SEARCH_PATHS = (
					"$(inherited)",
					"@executable_path/Frameworks",
				);
				MARKETING_VERSION = 1.0;
				PRODUCT_BUNDLE_IDENTIFIER = JZ.Erfolge;
				PRODUCT_NAME = "$(TARGET_NAME)";
				SWIFT_EMIT_LOC_STRINGS = YES;
				SWIFT_VERSION = 5.0;
				TARGETED_DEVICE_FAMILY = "1,2";
			};
			name = Debug;
		};
		8555AD102B8771E2004A4F6B /* Release */ = {
			isa = XCBuildConfiguration;
			buildSettings = {
				ASSETCATALOG_COMPILER_APPICON_NAME = AppIcon;
				ASSETCATALOG_COMPILER_GLOBAL_ACCENT_COLOR_NAME = AccentColor;
				CODE_SIGN_ENTITLEMENTS = Erfolge/Erfolge.entitlements;
				CODE_SIGN_STYLE = Automatic;
				CURRENT_PROJECT_VERSION = 1;
				DEVELOPMENT_ASSET_PATHS = "\"Erfolge/Preview Content\"";
				DEVELOPMENT_TEAM = 69E847F5T9;
				ENABLE_PREVIEWS = YES;
				GENERATE_INFOPLIST_FILE = YES;
				INFOPLIST_FILE = Erfolge/Info.plist;
				INFOPLIST_KEY_UIApplicationSceneManifest_Generation = YES;
				INFOPLIST_KEY_UIApplicationSupportsIndirectInputEvents = YES;
				INFOPLIST_KEY_UILaunchScreen_Generation = YES;
				INFOPLIST_KEY_UILaunchStoryboardName = LaunchScreen.storyboard;
				INFOPLIST_KEY_UISupportedInterfaceOrientations_iPad = "UIInterfaceOrientationPortrait UIInterfaceOrientationPortraitUpsideDown UIInterfaceOrientationLandscapeLeft UIInterfaceOrientationLandscapeRight";
				INFOPLIST_KEY_UISupportedInterfaceOrientations_iPhone = "UIInterfaceOrientationPortrait UIInterfaceOrientationLandscapeLeft UIInterfaceOrientationLandscapeRight";
				LD_RUNPATH_SEARCH_PATHS = (
					"$(inherited)",
					"@executable_path/Frameworks",
				);
				MARKETING_VERSION = 1.0;
				PRODUCT_BUNDLE_IDENTIFIER = JZ.Erfolge;
				PRODUCT_NAME = "$(TARGET_NAME)";
				SWIFT_EMIT_LOC_STRINGS = YES;
				SWIFT_VERSION = 5.0;
				TARGETED_DEVICE_FAMILY = "1,2";
			};
			name = Release;
		};
/* End XCBuildConfiguration section */

/* Begin XCConfigurationList section */
		8555ACF72B8771E0004A4F6B /* Build configuration list for PBXProject "Erfolge" */ = {
			isa = XCConfigurationList;
			buildConfigurations = (
				8555AD0C2B8771E2004A4F6B /* Debug */,
				8555AD0D2B8771E2004A4F6B /* Release */,
			);
			defaultConfigurationIsVisible = 0;
			defaultConfigurationName = Release;
		};
		8555AD0E2B8771E2004A4F6B /* Build configuration list for PBXNativeTarget "Erfolge" */ = {
			isa = XCConfigurationList;
			buildConfigurations = (
				8555AD0F2B8771E2004A4F6B /* Debug */,
				8555AD102B8771E2004A4F6B /* Release */,
			);
			defaultConfigurationIsVisible = 0;
			defaultConfigurationName = Release;
		};
/* End XCConfigurationList section */
	};
	rootObject = 8555ACF42B8771E0004A4F6B /* Project object */;
}
